
Microsoft Visual Studio Solution File, Format Version 12.00
# Visual Studio 15
VisualStudioVersion = 15.0.28307.136
MinimumVisualStudioVersion = 10.0.40219.1
Project("{FAE04EC0-301F-11D3-BF4B-00C04F79EFBC}") = "Vidly", "Vidly\Vidly.csproj", "{EC610E60-0FFD-4095-9941-61A141E58AB3}"
EndProject
Global
	GlobalSection(SolutionConfigurationPlatforms) = preSolution
		Debug|Any CPU = Debug|Any CPU
		Release|Any CPU = Release|Any CPU
	EndGlobalSection
	GlobalSection(ProjectConfigurationPlatforms) = postSolution
		{EC610E60-0FFD-4095-9941-61A141E58AB3}.Debug|Any CPU.ActiveCfg = Debug|Any CPU
		{EC610E60-0FFD-4095-9941-61A141E58AB3}.Debug|Any CPU.Build.0 = Debug|Any CPU
		{EC610E60-0FFD-4095-9941-61A141E58AB3}.Release|Any CPU.ActiveCfg = Release|Any CPU
		{EC610E60-0FFD-4095-9941-61A141E58AB3}.Release|Any CPU.Build.0 = Release|Any CPU
	EndGlobalSection
	GlobalSection(SolutionProperties) = preSolution
		HideSolutionNode = FALSE
	EndGlobalSection
	GlobalSection(ExtensibilityGlobals) = postSolution
		SolutionGuid = {D3AB229D-0DB5-4AAF-9819-AD91633CB3C0}
	EndGlobalSection
EndGlobal
